
Microsoft Visual Studio Solution File, Format Version 11.00
# Visual Studio 2010
Project("{FAE04EC0-301F-11D3-BF4B-00C04F79EFBC}") = "CSharpBot", "CSharpBot\CSharpBot.csproj", "{163DA8BC-726B-4FDB-A78E-CCDC0D7D1431}"
EndProject
Project("{54435603-DBB4-11D2-8724-00A0C9A8B90C}") = "CSharpBot Installer", "CSharpBot Installer\CSharpBot Installer\CSharpBot Installer.vdproj", "{2C4F7267-9DE4-4836-96C0-F069CD4DEA37}"
	ProjectSection(ProjectDependencies) = postProject
		{BAD8BE18-7F99-4CCE-B659-40303D7D47F7} = {BAD8BE18-7F99-4CCE-B659-40303D7D47F7}
		{CD555BAC-2046-4445-998E-71042D10C664} = {CD555BAC-2046-4445-998E-71042D10C664}
		{30063FFE-0440-44C0-BF29-280A54E23107} = {30063FFE-0440-44C0-BF29-280A54E23107}
	EndProjectSection
EndProject
Project("{FAE04EC0-301F-11D3-BF4B-00C04F79EFBC}") = "Compiler", "CSharpBot Script Compiler\Compiler.csproj", "{844E0B03-FE30-4D1B-8B20-4FEEA56A2BA1}"
EndProject
Project("{FAE04EC0-301F-11D3-BF4B-00C04F79EFBC}") = "SimpleLiveClient", "SimpleLiveClient\SimpleLiveClient.csproj", "{CD555BAC-2046-4445-998E-71042D10C664}"
	ProjectSection(ProjectDependencies) = postProject
		{163DA8BC-726B-4FDB-A78E-CCDC0D7D1431} = {163DA8BC-726B-4FDB-A78E-CCDC0D7D1431}
	EndProjectSection
EndProject
Project("{FAE04EC0-301F-11D3-BF4B-00C04F79EFBC}") = "CSharpBot Configuration Tool", "CSBConfig\CSharpBot Configuration Tool.csproj", "{BAD8BE18-7F99-4CCE-B659-40303D7D47F7}"
EndProject
Project("{FAE04EC0-301F-11D3-BF4B-00C04F79EFBC}") = "WizardControls", "WizardControls\WizardControls.csproj", "{30063FFE-0440-44C0-BF29-280A54E23107}"
EndProject
Global
	GlobalSection(SolutionConfigurationPlatforms) = preSolution
		All|Any CPU = All|Any CPU
		All|Mixed Platforms = All|Mixed Platforms
		All|x64 = All|x64
		All|x86 = All|x86
		Client|Any CPU = Client|Any CPU
		Client|Mixed Platforms = Client|Mixed Platforms
		Client|x64 = Client|x64
		Client|x86 = Client|x86
		Compiler|Any CPU = Compiler|Any CPU
		Compiler|Mixed Platforms = Compiler|Mixed Platforms
		Compiler|x64 = Compiler|x64
		Compiler|x86 = Compiler|x86
		CSharpBot|Any CPU = CSharpBot|Any CPU
		CSharpBot|Mixed Platforms = CSharpBot|Mixed Platforms
		CSharpBot|x64 = CSharpBot|x64
		CSharpBot|x86 = CSharpBot|x86
		Debug|Any CPU = Debug|Any CPU
		Debug|Mixed Platforms = Debug|Mixed Platforms
		Debug|x64 = Debug|x64
		Debug|x86 = Debug|x86
		Debug-all|Any CPU = Debug-all|Any CPU
		Debug-all|Mixed Platforms = Debug-all|Mixed Platforms
		Debug-all|x64 = Debug-all|x64
		Debug-all|x86 = Debug-all|x86
		Installer|Any CPU = Installer|Any CPU
		Installer|Mixed Platforms = Installer|Mixed Platforms
		Installer|x64 = Installer|x64
		Installer|x86 = Installer|x86
		Release|Any CPU = Release|Any CPU
		Release|Mixed Platforms = Release|Mixed Platforms
		Release|x64 = Release|x64
		Release|x86 = Release|x86
	EndGlobalSection
	GlobalSection(ProjectConfigurationPlatforms) = postSolution
		{163DA8BC-726B-4FDB-A78E-CCDC0D7D1431}.All|Any CPU.ActiveCfg = LiveClient-Debug|x64
		{163DA8BC-726B-4FDB-A78E-CCDC0D7D1431}.All|Mixed Platforms.ActiveCfg = LiveClient-Debug|x64
		{163DA8BC-726B-4FDB-A78E-CCDC0D7D1431}.All|Mixed Platforms.Build.0 = LiveClient-Debug|x64
		{163DA8BC-726B-4FDB-A78E-CCDC0D7D1431}.All|x64.ActiveCfg = Release|x86
		{163DA8BC-726B-4FDB-A78E-CCDC0D7D1431}.All|x64.Build.0 = Release|x86
		{163DA8BC-726B-4FDB-A78E-CCDC0D7D1431}.All|x86.ActiveCfg = Release|x86
		{163DA8BC-726B-4FDB-A78E-CCDC0D7D1431}.All|x86.Build.0 = Release|x86
		{163DA8BC-726B-4FDB-A78E-CCDC0D7D1431}.Client|Any CPU.ActiveCfg = Client|x86
		{163DA8BC-726B-4FDB-A78E-CCDC0D7D1431}.Client|Mixed Platforms.ActiveCfg = Client|x86
		{163DA8BC-726B-4FDB-A78E-CCDC0D7D1431}.Client|Mixed Platforms.Build.0 = Client|x86
		{163DA8BC-726B-4FDB-A78E-CCDC0D7D1431}.Client|x64.ActiveCfg = Client|x64
		{163DA8BC-726B-4FDB-A78E-CCDC0D7D1431}.Client|x86.ActiveCfg = Client|x86
		{163DA8BC-726B-4FDB-A78E-CCDC0D7D1431}.Compiler|Any CPU.ActiveCfg = Compiler|x86
		{163DA8BC-726B-4FDB-A78E-CCDC0D7D1431}.Compiler|Mixed Platforms.ActiveCfg = Compiler|x86
		{163DA8BC-726B-4FDB-A78E-CCDC0D7D1431}.Compiler|Mixed Platforms.Build.0 = Compiler|x86
		{163DA8BC-726B-4FDB-A78E-CCDC0D7D1431}.Compiler|x64.ActiveCfg = Compiler|x64
		{163DA8BC-726B-4FDB-A78E-CCDC0D7D1431}.Compiler|x86.ActiveCfg = Compiler|x86
		{163DA8BC-726B-4FDB-A78E-CCDC0D7D1431}.CSharpBot|Any CPU.ActiveCfg = CSharpBot|x86
		{163DA8BC-726B-4FDB-A78E-CCDC0D7D1431}.CSharpBot|Mixed Platforms.ActiveCfg = CSharpBot|x86
		{163DA8BC-726B-4FDB-A78E-CCDC0D7D1431}.CSharpBot|Mixed Platforms.Build.0 = CSharpBot|x86
		{163DA8BC-726B-4FDB-A78E-CCDC0D7D1431}.CSharpBot|x64.ActiveCfg = CSharpBot|x64
		{163DA8BC-726B-4FDB-A78E-CCDC0D7D1431}.CSharpBot|x64.Build.0 = CSharpBot|x64
		{163DA8BC-726B-4FDB-A78E-CCDC0D7D1431}.CSharpBot|x86.ActiveCfg = CSharpBot|x86
		{163DA8BC-726B-4FDB-A78E-CCDC0D7D1431}.Debug|Any CPU.ActiveCfg = Debug|x86
		{163DA8BC-726B-4FDB-A78E-CCDC0D7D1431}.Debug|Mixed Platforms.ActiveCfg = Debug|x86
		{163DA8BC-726B-4FDB-A78E-CCDC0D7D1431}.Debug|Mixed Platforms.Build.0 = Debug|x86
		{163DA8BC-726B-4FDB-A78E-CCDC0D7D1431}.Debug|x64.ActiveCfg = Debug|x64
		{163DA8BC-726B-4FDB-A78E-CCDC0D7D1431}.Debug|x64.Build.0 = Debug|x64
		{163DA8BC-726B-4FDB-A78E-CCDC0D7D1431}.Debug|x86.ActiveCfg = Debug|x86
		{163DA8BC-726B-4FDB-A78E-CCDC0D7D1431}.Debug|x86.Build.0 = Debug|x86
		{163DA8BC-726B-4FDB-A78E-CCDC0D7D1431}.Debug-all|Any CPU.ActiveCfg = Debug|x86
		{163DA8BC-726B-4FDB-A78E-CCDC0D7D1431}.Debug-all|Mixed Platforms.ActiveCfg = Debug|x86
		{163DA8BC-726B-4FDB-A78E-CCDC0D7D1431}.Debug-all|Mixed Platforms.Build.0 = Debug|x86
		{163DA8BC-726B-4FDB-A78E-CCDC0D7D1431}.Debug-all|x64.ActiveCfg = Debug|x86
		{163DA8BC-726B-4FDB-A78E-CCDC0D7D1431}.Debug-all|x64.Build.0 = Debug|x86
		{163DA8BC-726B-4FDB-A78E-CCDC0D7D1431}.Debug-all|x86.ActiveCfg = Debug|x86
		{163DA8BC-726B-4FDB-A78E-CCDC0D7D1431}.Debug-all|x86.Build.0 = Debug|x86
		{163DA8BC-726B-4FDB-A78E-CCDC0D7D1431}.Installer|Any CPU.ActiveCfg = Installer|x86
		{163DA8BC-726B-4FDB-A78E-CCDC0D7D1431}.Installer|Mixed Platforms.ActiveCfg = Installer|x86
		{163DA8BC-726B-4FDB-A78E-CCDC0D7D1431}.Installer|Mixed Platforms.Build.0 = Installer|x86
		{163DA8BC-726B-4FDB-A78E-CCDC0D7D1431}.Installer|x64.ActiveCfg = Installer|x64
		{163DA8BC-726B-4FDB-A78E-CCDC0D7D1431}.Installer|x86.ActiveCfg = Installer|x86
		{163DA8BC-726B-4FDB-A78E-CCDC0D7D1431}.Release|Any CPU.ActiveCfg = Release|x64
		{163DA8BC-726B-4FDB-A78E-CCDC0D7D1431}.Release|Mixed Platforms.ActiveCfg = Release|x64
		{163DA8BC-726B-4FDB-A78E-CCDC0D7D1431}.Release|Mixed Platforms.Build.0 = Release|x64
		{163DA8BC-726B-4FDB-A78E-CCDC0D7D1431}.Release|x64.ActiveCfg = Release|x64
		{163DA8BC-726B-4FDB-A78E-CCDC0D7D1431}.Release|x64.Build.0 = Release|x64
		{163DA8BC-726B-4FDB-A78E-CCDC0D7D1431}.Release|x86.ActiveCfg = Release|x86
		{163DA8BC-726B-4FDB-A78E-CCDC0D7D1431}.Release|x86.Build.0 = Release|x86
		{2C4F7267-9DE4-4836-96C0-F069CD4DEA37}.All|Any CPU.ActiveCfg = Release
		{2C4F7267-9DE4-4836-96C0-F069CD4DEA37}.All|Any CPU.Build.0 = Release
		{2C4F7267-9DE4-4836-96C0-F069CD4DEA37}.All|Mixed Platforms.ActiveCfg = Release
		{2C4F7267-9DE4-4836-96C0-F069CD4DEA37}.All|Mixed Platforms.Build.0 = Release
		{2C4F7267-9DE4-4836-96C0-F069CD4DEA37}.All|x64.ActiveCfg = Release
		{2C4F7267-9DE4-4836-96C0-F069CD4DEA37}.All|x64.Build.0 = Release
		{2C4F7267-9DE4-4836-96C0-F069CD4DEA37}.All|x86.ActiveCfg = Release
		{2C4F7267-9DE4-4836-96C0-F069CD4DEA37}.All|x86.Build.0 = Release
		{2C4F7267-9DE4-4836-96C0-F069CD4DEA37}.Client|Any CPU.ActiveCfg = Client
		{2C4F7267-9DE4-4836-96C0-F069CD4DEA37}.Client|Any CPU.Build.0 = Client
		{2C4F7267-9DE4-4836-96C0-F069CD4DEA37}.Client|Mixed Platforms.ActiveCfg = Client
		{2C4F7267-9DE4-4836-96C0-F069CD4DEA37}.Client|Mixed Platforms.Build.0 = Client
		{2C4F7267-9DE4-4836-96C0-F069CD4DEA37}.Client|x64.ActiveCfg = Client
		{2C4F7267-9DE4-4836-96C0-F069CD4DEA37}.Client|x86.ActiveCfg = Client
		{2C4F7267-9DE4-4836-96C0-F069CD4DEA37}.Compiler|Any CPU.ActiveCfg = Compiler
		{2C4F7267-9DE4-4836-96C0-F069CD4DEA37}.Compiler|Any CPU.Build.0 = Compiler
		{2C4F7267-9DE4-4836-96C0-F069CD4DEA37}.Compiler|Mixed Platforms.ActiveCfg = Compiler
		{2C4F7267-9DE4-4836-96C0-F069CD4DEA37}.Compiler|Mixed Platforms.Build.0 = Compiler
		{2C4F7267-9DE4-4836-96C0-F069CD4DEA37}.Compiler|x64.ActiveCfg = Compiler
		{2C4F7267-9DE4-4836-96C0-F069CD4DEA37}.Compiler|x86.ActiveCfg = Compiler
		{2C4F7267-9DE4-4836-96C0-F069CD4DEA37}.CSharpBot|Any CPU.ActiveCfg = CSharpBot
		{2C4F7267-9DE4-4836-96C0-F069CD4DEA37}.CSharpBot|Any CPU.Build.0 = CSharpBot
		{2C4F7267-9DE4-4836-96C0-F069CD4DEA37}.CSharpBot|Mixed Platforms.ActiveCfg = CSharpBot
		{2C4F7267-9DE4-4836-96C0-F069CD4DEA37}.CSharpBot|Mixed Platforms.Build.0 = CSharpBot
		{2C4F7267-9DE4-4836-96C0-F069CD4DEA37}.CSharpBot|x64.ActiveCfg = CSharpBot
		{2C4F7267-9DE4-4836-96C0-F069CD4DEA37}.CSharpBot|x86.ActiveCfg = CSharpBot
		{2C4F7267-9DE4-4836-96C0-F069CD4DEA37}.Debug|Any CPU.ActiveCfg = Debug
		{2C4F7267-9DE4-4836-96C0-F069CD4DEA37}.Debug|Any CPU.Build.0 = Debug
		{2C4F7267-9DE4-4836-96C0-F069CD4DEA37}.Debug|Mixed Platforms.ActiveCfg = Debug
		{2C4F7267-9DE4-4836-96C0-F069CD4DEA37}.Debug|Mixed Platforms.Build.0 = Debug
		{2C4F7267-9DE4-4836-96C0-F069CD4DEA37}.Debug|x64.ActiveCfg = Debug
		{2C4F7267-9DE4-4836-96C0-F069CD4DEA37}.Debug|x64.Build.0 = Debug
		{2C4F7267-9DE4-4836-96C0-F069CD4DEA37}.Debug|x86.ActiveCfg = Debug
		{2C4F7267-9DE4-4836-96C0-F069CD4DEA37}.Debug|x86.Build.0 = Debug
		{2C4F7267-9DE4-4836-96C0-F069CD4DEA37}.Debug-all|Any CPU.ActiveCfg = Debug
		{2C4F7267-9DE4-4836-96C0-F069CD4DEA37}.Debug-all|Any CPU.Build.0 = Debug
		{2C4F7267-9DE4-4836-96C0-F069CD4DEA37}.Debug-all|Mixed Platforms.ActiveCfg = Debug
		{2C4F7267-9DE4-4836-96C0-F069CD4DEA37}.Debug-all|Mixed Platforms.Build.0 = Debug
		{2C4F7267-9DE4-4836-96C0-F069CD4DEA37}.Debug-all|x64.ActiveCfg = Debug
		{2C4F7267-9DE4-4836-96C0-F069CD4DEA37}.Debug-all|x86.ActiveCfg = Debug
		{2C4F7267-9DE4-4836-96C0-F069CD4DEA37}.Debug-all|x86.Build.0 = Debug
		{2C4F7267-9DE4-4836-96C0-F069CD4DEA37}.Installer|Any CPU.ActiveCfg = Installer
		{2C4F7267-9DE4-4836-96C0-F069CD4DEA37}.Installer|Any CPU.Build.0 = Installer
		{2C4F7267-9DE4-4836-96C0-F069CD4DEA37}.Installer|Mixed Platforms.ActiveCfg = Installer
		{2C4F7267-9DE4-4836-96C0-F069CD4DEA37}.Installer|Mixed Platforms.Build.0 = Installer
		{2C4F7267-9DE4-4836-96C0-F069CD4DEA37}.Installer|x64.ActiveCfg = Installer
		{2C4F7267-9DE4-4836-96C0-F069CD4DEA37}.Installer|x64.Build.0 = Installer
		{2C4F7267-9DE4-4836-96C0-F069CD4DEA37}.Installer|x86.ActiveCfg = Installer
		{2C4F7267-9DE4-4836-96C0-F069CD4DEA37}.Installer|x86.Build.0 = Installer
		{2C4F7267-9DE4-4836-96C0-F069CD4DEA37}.Release|Any CPU.ActiveCfg = Release
		{2C4F7267-9DE4-4836-96C0-F069CD4DEA37}.Release|Any CPU.Build.0 = Release
		{2C4F7267-9DE4-4836-96C0-F069CD4DEA37}.Release|Mixed Platforms.ActiveCfg = Release
		{2C4F7267-9DE4-4836-96C0-F069CD4DEA37}.Release|Mixed Platforms.Build.0 = Release
		{2C4F7267-9DE4-4836-96C0-F069CD4DEA37}.Release|x64.ActiveCfg = Release
		{2C4F7267-9DE4-4836-96C0-F069CD4DEA37}.Release|x64.Build.0 = Release
		{2C4F7267-9DE4-4836-96C0-F069CD4DEA37}.Release|x86.ActiveCfg = Release
		{2C4F7267-9DE4-4836-96C0-F069CD4DEA37}.Release|x86.Build.0 = Release
		{844E0B03-FE30-4D1B-8B20-4FEEA56A2BA1}.All|Any CPU.ActiveCfg = LiveClient-Debug|x86
		{844E0B03-FE30-4D1B-8B20-4FEEA56A2BA1}.All|Mixed Platforms.ActiveCfg = LiveClient-Debug|x86
		{844E0B03-FE30-4D1B-8B20-4FEEA56A2BA1}.All|Mixed Platforms.Build.0 = LiveClient-Debug|x86
		{844E0B03-FE30-4D1B-8B20-4FEEA56A2BA1}.All|x64.ActiveCfg = Release|x86
		{844E0B03-FE30-4D1B-8B20-4FEEA56A2BA1}.All|x64.Build.0 = Release|x86
		{844E0B03-FE30-4D1B-8B20-4FEEA56A2BA1}.All|x86.ActiveCfg = Release|x86
		{844E0B03-FE30-4D1B-8B20-4FEEA56A2BA1}.All|x86.Build.0 = Release|x86
		{844E0B03-FE30-4D1B-8B20-4FEEA56A2BA1}.Client|Any CPU.ActiveCfg = Client|x86
		{844E0B03-FE30-4D1B-8B20-4FEEA56A2BA1}.Client|Mixed Platforms.ActiveCfg = Client|x86
		{844E0B03-FE30-4D1B-8B20-4FEEA56A2BA1}.Client|Mixed Platforms.Build.0 = Client|x86
		{844E0B03-FE30-4D1B-8B20-4FEEA56A2BA1}.Client|x64.ActiveCfg = Client|x86
		{844E0B03-FE30-4D1B-8B20-4FEEA56A2BA1}.Client|x86.ActiveCfg = Client|x86
		{844E0B03-FE30-4D1B-8B20-4FEEA56A2BA1}.Compiler|Any CPU.ActiveCfg = Compiler|x86
		{844E0B03-FE30-4D1B-8B20-4FEEA56A2BA1}.Compiler|Mixed Platforms.ActiveCfg = Compiler|x86
		{844E0B03-FE30-4D1B-8B20-4FEEA56A2BA1}.Compiler|Mixed Platforms.Build.0 = Compiler|x86
		{844E0B03-FE30-4D1B-8B20-4FEEA56A2BA1}.Compiler|x64.ActiveCfg = Compiler|x86
		{844E0B03-FE30-4D1B-8B20-4FEEA56A2BA1}.Compiler|x64.Build.0 = Compiler|x86
		{844E0B03-FE30-4D1B-8B20-4FEEA56A2BA1}.Compiler|x86.ActiveCfg = Compiler|x86
		{844E0B03-FE30-4D1B-8B20-4FEEA56A2BA1}.Compiler|x86.Build.0 = Compiler|x86
		{844E0B03-FE30-4D1B-8B20-4FEEA56A2BA1}.CSharpBot|Any CPU.ActiveCfg = CSharpBot|x86
		{844E0B03-FE30-4D1B-8B20-4FEEA56A2BA1}.CSharpBot|Mixed Platforms.ActiveCfg = CSharpBot|x86
		{844E0B03-FE30-4D1B-8B20-4FEEA56A2BA1}.CSharpBot|Mixed Platforms.Build.0 = CSharpBot|x86
		{844E0B03-FE30-4D1B-8B20-4FEEA56A2BA1}.CSharpBot|x64.ActiveCfg = CSharpBot|x86
		{844E0B03-FE30-4D1B-8B20-4FEEA56A2BA1}.CSharpBot|x86.ActiveCfg = CSharpBot|x86
		{844E0B03-FE30-4D1B-8B20-4FEEA56A2BA1}.Debug|Any CPU.ActiveCfg = Debug|x86
		{844E0B03-FE30-4D1B-8B20-4FEEA56A2BA1}.Debug|Mixed Platforms.ActiveCfg = Debug|x86
		{844E0B03-FE30-4D1B-8B20-4FEEA56A2BA1}.Debug|Mixed Platforms.Build.0 = Debug|x86
		{844E0B03-FE30-4D1B-8B20-4FEEA56A2BA1}.Debug|x64.ActiveCfg = Debug|x86
		{844E0B03-FE30-4D1B-8B20-4FEEA56A2BA1}.Debug|x86.ActiveCfg = Debug|x86
		{844E0B03-FE30-4D1B-8B20-4FEEA56A2BA1}.Debug|x86.Build.0 = Debug|x86
		{844E0B03-FE30-4D1B-8B20-4FEEA56A2BA1}.Debug-all|Any CPU.ActiveCfg = Debug|x86
		{844E0B03-FE30-4D1B-8B20-4FEEA56A2BA1}.Debug-all|Mixed Platforms.ActiveCfg = Debug|x86
		{844E0B03-FE30-4D1B-8B20-4FEEA56A2BA1}.Debug-all|Mixed Platforms.Build.0 = Debug|x86
		{844E0B03-FE30-4D1B-8B20-4FEEA56A2BA1}.Debug-all|x64.ActiveCfg = Debug|x86
		{844E0B03-FE30-4D1B-8B20-4FEEA56A2BA1}.Debug-all|x64.Build.0 = Debug|x86
		{844E0B03-FE30-4D1B-8B20-4FEEA56A2BA1}.Debug-all|x86.ActiveCfg = Debug|x86
		{844E0B03-FE30-4D1B-8B20-4FEEA56A2BA1}.Debug-all|x86.Build.0 = Debug|x86
		{844E0B03-FE30-4D1B-8B20-4FEEA56A2BA1}.Installer|Any CPU.ActiveCfg = Installer|x86
		{844E0B03-FE30-4D1B-8B20-4FEEA56A2BA1}.Installer|Mixed Platforms.ActiveCfg = Installer|x86
		{844E0B03-FE30-4D1B-8B20-4FEEA56A2BA1}.Installer|Mixed Platforms.Build.0 = Installer|x86
		{844E0B03-FE30-4D1B-8B20-4FEEA56A2BA1}.Installer|x64.ActiveCfg = Installer|x86
		{844E0B03-FE30-4D1B-8B20-4FEEA56A2BA1}.Installer|x86.ActiveCfg = Installer|x86
		{844E0B03-FE30-4D1B-8B20-4FEEA56A2BA1}.Release|Any CPU.ActiveCfg = Release|x86
		{844E0B03-FE30-4D1B-8B20-4FEEA56A2BA1}.Release|Mixed Platforms.ActiveCfg = Release|x86
		{844E0B03-FE30-4D1B-8B20-4FEEA56A2BA1}.Release|Mixed Platforms.Build.0 = Release|x86
		{844E0B03-FE30-4D1B-8B20-4FEEA56A2BA1}.Release|x64.ActiveCfg = Release|x86
		{844E0B03-FE30-4D1B-8B20-4FEEA56A2BA1}.Release|x86.ActiveCfg = Release|x86
		{844E0B03-FE30-4D1B-8B20-4FEEA56A2BA1}.Release|x86.Build.0 = Release|x86
		{CD555BAC-2046-4445-998E-71042D10C664}.All|Any CPU.ActiveCfg = Client|Any CPU
		{CD555BAC-2046-4445-998E-71042D10C664}.All|Any CPU.Build.0 = Client|Any CPU
		{CD555BAC-2046-4445-998E-71042D10C664}.All|Mixed Platforms.ActiveCfg = Client|Any CPU
		{CD555BAC-2046-4445-998E-71042D10C664}.All|Mixed Platforms.Build.0 = Client|Any CPU
		{CD555BAC-2046-4445-998E-71042D10C664}.All|x64.ActiveCfg = Release|x86
		{CD555BAC-2046-4445-998E-71042D10C664}.All|x86.ActiveCfg = Release|x86
		{CD555BAC-2046-4445-998E-71042D10C664}.All|x86.Build.0 = Release|x86
		{CD555BAC-2046-4445-998E-71042D10C664}.Client|Any CPU.ActiveCfg = Client|Any CPU
		{CD555BAC-2046-4445-998E-71042D10C664}.Client|Any CPU.Build.0 = Client|Any CPU
		{CD555BAC-2046-4445-998E-71042D10C664}.Client|Mixed Platforms.ActiveCfg = Client|Any CPU
		{CD555BAC-2046-4445-998E-71042D10C664}.Client|Mixed Platforms.Build.0 = Client|Any CPU
		{CD555BAC-2046-4445-998E-71042D10C664}.Client|x64.ActiveCfg = Client|Any CPU
		{CD555BAC-2046-4445-998E-71042D10C664}.Client|x64.Build.0 = Client|Any CPU
		{CD555BAC-2046-4445-998E-71042D10C664}.Client|x86.ActiveCfg = Client|x86
		{CD555BAC-2046-4445-998E-71042D10C664}.Client|x86.Build.0 = Client|x86
		{CD555BAC-2046-4445-998E-71042D10C664}.Compiler|Any CPU.ActiveCfg = Client|Any CPU
		{CD555BAC-2046-4445-998E-71042D10C664}.Compiler|Any CPU.Build.0 = Client|Any CPU
		{CD555BAC-2046-4445-998E-71042D10C664}.Compiler|Mixed Platforms.ActiveCfg = Client|Any CPU
		{CD555BAC-2046-4445-998E-71042D10C664}.Compiler|Mixed Platforms.Build.0 = Client|Any CPU
		{CD555BAC-2046-4445-998E-71042D10C664}.Compiler|x64.ActiveCfg = Release|x86
		{CD555BAC-2046-4445-998E-71042D10C664}.Compiler|x86.ActiveCfg = Release|x86
		{CD555BAC-2046-4445-998E-71042D10C664}.Compiler|x86.Build.0 = Release|x86
		{CD555BAC-2046-4445-998E-71042D10C664}.CSharpBot|Any CPU.ActiveCfg = Client|Any CPU
		{CD555BAC-2046-4445-998E-71042D10C664}.CSharpBot|Any CPU.Build.0 = Client|Any CPU
		{CD555BAC-2046-4445-998E-71042D10C664}.CSharpBot|Mixed Platforms.ActiveCfg = Client|Any CPU
		{CD555BAC-2046-4445-998E-71042D10C664}.CSharpBot|Mixed Platforms.Build.0 = Client|Any CPU
		{CD555BAC-2046-4445-998E-71042D10C664}.CSharpBot|x64.ActiveCfg = Release|x86
		{CD555BAC-2046-4445-998E-71042D10C664}.CSharpBot|x86.ActiveCfg = Release|x86
		{CD555BAC-2046-4445-998E-71042D10C664}.CSharpBot|x86.Build.0 = Release|x86
		{CD555BAC-2046-4445-998E-71042D10C664}.Debug|Any CPU.ActiveCfg = Debug|Any CPU
		{CD555BAC-2046-4445-998E-71042D10C664}.Debug|Any CPU.Build.0 = Debug|Any CPU
		{CD555BAC-2046-4445-998E-71042D10C664}.Debug|Mixed Platforms.ActiveCfg = Debug|Any CPU
		{CD555BAC-2046-4445-998E-71042D10C664}.Debug|Mixed Platforms.Build.0 = Debug|Any CPU
		{CD555BAC-2046-4445-998E-71042D10C664}.Debug|x64.ActiveCfg = Debug|x86
		{CD555BAC-2046-4445-998E-71042D10C664}.Debug|x86.ActiveCfg = Debug|x86
		{CD555BAC-2046-4445-998E-71042D10C664}.Debug|x86.Build.0 = Debug|x86
		{CD555BAC-2046-4445-998E-71042D10C664}.Debug-all|Any CPU.ActiveCfg = Debug|Any CPU
		{CD555BAC-2046-4445-998E-71042D10C664}.Debug-all|Any CPU.Build.0 = Debug|Any CPU
		{CD555BAC-2046-4445-998E-71042D10C664}.Debug-all|Mixed Platforms.ActiveCfg = Debug|Any CPU
		{CD555BAC-2046-4445-998E-71042D10C664}.Debug-all|Mixed Platforms.Build.0 = Debug|Any CPU
		{CD555BAC-2046-4445-998E-71042D10C664}.Debug-all|x64.ActiveCfg = Debug|x86
		{CD555BAC-2046-4445-998E-71042D10C664}.Debug-all|x86.ActiveCfg = Debug|x86
		{CD555BAC-2046-4445-998E-71042D10C664}.Debug-all|x86.Build.0 = Debug|x86
		{CD555BAC-2046-4445-998E-71042D10C664}.Installer|Any CPU.ActiveCfg = Client|Any CPU
		{CD555BAC-2046-4445-998E-71042D10C664}.Installer|Any CPU.Build.0 = Client|Any CPU
		{CD555BAC-2046-4445-998E-71042D10C664}.Installer|Mixed Platforms.ActiveCfg = Client|Any CPU
		{CD555BAC-2046-4445-998E-71042D10C664}.Installer|Mixed Platforms.Build.0 = Client|Any CPU
		{CD555BAC-2046-4445-998E-71042D10C664}.Installer|x64.ActiveCfg = Release|x86
		{CD555BAC-2046-4445-998E-71042D10C664}.Installer|x86.ActiveCfg = Release|x86
		{CD555BAC-2046-4445-998E-71042D10C664}.Installer|x86.Build.0 = Release|x86
		{CD555BAC-2046-4445-998E-71042D10C664}.Release|Any CPU.ActiveCfg = Release|Any CPU
		{CD555BAC-2046-4445-998E-71042D10C664}.Release|Any CPU.Build.0 = Release|Any CPU
		{CD555BAC-2046-4445-998E-71042D10C664}.Release|Mixed Platforms.ActiveCfg = Release|Any CPU
		{CD555BAC-2046-4445-998E-71042D10C664}.Release|Mixed Platforms.Build.0 = Release|Any CPU
		{CD555BAC-2046-4445-998E-71042D10C664}.Release|x64.ActiveCfg = Release|x86
		{CD555BAC-2046-4445-998E-71042D10C664}.Release|x86.ActiveCfg = Release|x86
		{CD555BAC-2046-4445-998E-71042D10C664}.Release|x86.Build.0 = Release|x86
		{BAD8BE18-7F99-4CCE-B659-40303D7D47F7}.All|Any CPU.ActiveCfg = Release|x86
		{BAD8BE18-7F99-4CCE-B659-40303D7D47F7}.All|Mixed Platforms.ActiveCfg = Release|x86
		{BAD8BE18-7F99-4CCE-B659-40303D7D47F7}.All|Mixed Platforms.Build.0 = Release|x86
		{BAD8BE18-7F99-4CCE-B659-40303D7D47F7}.All|x64.ActiveCfg = Release|x86
		{BAD8BE18-7F99-4CCE-B659-40303D7D47F7}.All|x86.ActiveCfg = Release|x86
		{BAD8BE18-7F99-4CCE-B659-40303D7D47F7}.All|x86.Build.0 = Release|x86
		{BAD8BE18-7F99-4CCE-B659-40303D7D47F7}.Client|Any CPU.ActiveCfg = Release|x86
		{BAD8BE18-7F99-4CCE-B659-40303D7D47F7}.Client|Mixed Platforms.ActiveCfg = Release|x86
		{BAD8BE18-7F99-4CCE-B659-40303D7D47F7}.Client|Mixed Platforms.Build.0 = Release|x86
		{BAD8BE18-7F99-4CCE-B659-40303D7D47F7}.Client|x64.ActiveCfg = Release|x86
		{BAD8BE18-7F99-4CCE-B659-40303D7D47F7}.Client|x86.ActiveCfg = Release|x86
		{BAD8BE18-7F99-4CCE-B659-40303D7D47F7}.Client|x86.Build.0 = Release|x86
		{BAD8BE18-7F99-4CCE-B659-40303D7D47F7}.Compiler|Any CPU.ActiveCfg = Release|x86
		{BAD8BE18-7F99-4CCE-B659-40303D7D47F7}.Compiler|Mixed Platforms.ActiveCfg = Release|x86
		{BAD8BE18-7F99-4CCE-B659-40303D7D47F7}.Compiler|Mixed Platforms.Build.0 = Release|x86
		{BAD8BE18-7F99-4CCE-B659-40303D7D47F7}.Compiler|x64.ActiveCfg = Release|x86
		{BAD8BE18-7F99-4CCE-B659-40303D7D47F7}.Compiler|x86.ActiveCfg = Release|x86
		{BAD8BE18-7F99-4CCE-B659-40303D7D47F7}.Compiler|x86.Build.0 = Release|x86
		{BAD8BE18-7F99-4CCE-B659-40303D7D47F7}.CSharpBot|Any CPU.ActiveCfg = Release|x86
		{BAD8BE18-7F99-4CCE-B659-40303D7D47F7}.CSharpBot|Mixed Platforms.ActiveCfg = Release|x86
		{BAD8BE18-7F99-4CCE-B659-40303D7D47F7}.CSharpBot|Mixed Platforms.Build.0 = Release|x86
		{BAD8BE18-7F99-4CCE-B659-40303D7D47F7}.CSharpBot|x64.ActiveCfg = Release|x86
		{BAD8BE18-7F99-4CCE-B659-40303D7D47F7}.CSharpBot|x86.ActiveCfg = Release|x86
		{BAD8BE18-7F99-4CCE-B659-40303D7D47F7}.CSharpBot|x86.Build.0 = Release|x86
		{BAD8BE18-7F99-4CCE-B659-40303D7D47F7}.Debug|Any CPU.ActiveCfg = Debug|x86
		{BAD8BE18-7F99-4CCE-B659-40303D7D47F7}.Debug|Mixed Platforms.ActiveCfg = Debug|x86
		{BAD8BE18-7F99-4CCE-B659-40303D7D47F7}.Debug|Mixed Platforms.Build.0 = Debug|x86
		{BAD8BE18-7F99-4CCE-B659-40303D7D47F7}.Debug|x64.ActiveCfg = Debug|x86
		{BAD8BE18-7F99-4CCE-B659-40303D7D47F7}.Debug|x86.ActiveCfg = Debug|x86
		{BAD8BE18-7F99-4CCE-B659-40303D7D47F7}.Debug|x86.Build.0 = Debug|x86
		{BAD8BE18-7F99-4CCE-B659-40303D7D47F7}.Debug-all|Any CPU.ActiveCfg = Debug|x86
		{BAD8BE18-7F99-4CCE-B659-40303D7D47F7}.Debug-all|Mixed Platforms.ActiveCfg = Debug|x86
		{BAD8BE18-7F99-4CCE-B659-40303D7D47F7}.Debug-all|Mixed Platforms.Build.0 = Debug|x86
		{BAD8BE18-7F99-4CCE-B659-40303D7D47F7}.Debug-all|x64.ActiveCfg = Debug|x86
		{BAD8BE18-7F99-4CCE-B659-40303D7D47F7}.Debug-all|x86.ActiveCfg = Debug|x86
		{BAD8BE18-7F99-4CCE-B659-40303D7D47F7}.Debug-all|x86.Build.0 = Debug|x86
		{BAD8BE18-7F99-4CCE-B659-40303D7D47F7}.Installer|Any CPU.ActiveCfg = Release|x86
		{BAD8BE18-7F99-4CCE-B659-40303D7D47F7}.Installer|Mixed Platforms.ActiveCfg = Release|x86
		{BAD8BE18-7F99-4CCE-B659-40303D7D47F7}.Installer|Mixed Platforms.Build.0 = Release|x86
		{BAD8BE18-7F99-4CCE-B659-40303D7D47F7}.Installer|x64.ActiveCfg = Release|x86
		{BAD8BE18-7F99-4CCE-B659-40303D7D47F7}.Installer|x86.ActiveCfg = Release|x86
		{BAD8BE18-7F99-4CCE-B659-40303D7D47F7}.Installer|x86.Build.0 = Release|x86
		{BAD8BE18-7F99-4CCE-B659-40303D7D47F7}.Release|Any CPU.ActiveCfg = Release|x86
		{BAD8BE18-7F99-4CCE-B659-40303D7D47F7}.Release|Mixed Platforms.ActiveCfg = Release|x86
		{BAD8BE18-7F99-4CCE-B659-40303D7D47F7}.Release|Mixed Platforms.Build.0 = Release|x86
		{BAD8BE18-7F99-4CCE-B659-40303D7D47F7}.Release|x64.ActiveCfg = Release|x86
		{BAD8BE18-7F99-4CCE-B659-40303D7D47F7}.Release|x86.ActiveCfg = Release|x86
		{BAD8BE18-7F99-4CCE-B659-40303D7D47F7}.Release|x86.Build.0 = Release|x86
		{30063FFE-0440-44C0-BF29-280A54E23107}.All|Any CPU.ActiveCfg = Release|Any CPU
		{30063FFE-0440-44C0-BF29-280A54E23107}.All|Any CPU.Build.0 = Release|Any CPU
		{30063FFE-0440-44C0-BF29-280A54E23107}.All|Mixed Platforms.ActiveCfg = Release|Any CPU
		{30063FFE-0440-44C0-BF29-280A54E23107}.All|Mixed Platforms.Build.0 = Release|Any CPU
		{30063FFE-0440-44C0-BF29-280A54E23107}.All|x64.ActiveCfg = Release|Any CPU
		{30063FFE-0440-44C0-BF29-280A54E23107}.All|x86.ActiveCfg = Release|Any CPU
		{30063FFE-0440-44C0-BF29-280A54E23107}.Client|Any CPU.ActiveCfg = Release|Any CPU
		{30063FFE-0440-44C0-BF29-280A54E23107}.Client|Any CPU.Build.0 = Release|Any CPU
		{30063FFE-0440-44C0-BF29-280A54E23107}.Client|Mixed Platforms.ActiveCfg = Release|Any CPU
		{30063FFE-0440-44C0-BF29-280A54E23107}.Client|Mixed Platforms.Build.0 = Release|Any CPU
		{30063FFE-0440-44C0-BF29-280A54E23107}.Client|x64.ActiveCfg = Release|Any CPU
		{30063FFE-0440-44C0-BF29-280A54E23107}.Client|x86.ActiveCfg = Release|Any CPU
		{30063FFE-0440-44C0-BF29-280A54E23107}.Compiler|Any CPU.ActiveCfg = Release|Any CPU
		{30063FFE-0440-44C0-BF29-280A54E23107}.Compiler|Any CPU.Build.0 = Release|Any CPU
		{30063FFE-0440-44C0-BF29-280A54E23107}.Compiler|Mixed Platforms.ActiveCfg = Release|Any CPU
		{30063FFE-0440-44C0-BF29-280A54E23107}.Compiler|Mixed Platforms.Build.0 = Release|Any CPU
		{30063FFE-0440-44C0-BF29-280A54E23107}.Compiler|x64.ActiveCfg = Release|Any CPU
		{30063FFE-0440-44C0-BF29-280A54E23107}.Compiler|x86.ActiveCfg = Release|Any CPU
		{30063FFE-0440-44C0-BF29-280A54E23107}.CSharpBot|Any CPU.ActiveCfg = Release|Any CPU
		{30063FFE-0440-44C0-BF29-280A54E23107}.CSharpBot|Any CPU.Build.0 = Release|Any CPU
		{30063FFE-0440-44C0-BF29-280A54E23107}.CSharpBot|Mixed Platforms.ActiveCfg = Release|Any CPU
		{30063FFE-0440-44C0-BF29-280A54E23107}.CSharpBot|Mixed Platforms.Build.0 = Release|Any CPU
		{30063FFE-0440-44C0-BF29-280A54E23107}.CSharpBot|x64.ActiveCfg = Release|Any CPU
		{30063FFE-0440-44C0-BF29-280A54E23107}.CSharpBot|x86.ActiveCfg = Release|Any CPU
		{30063FFE-0440-44C0-BF29-280A54E23107}.Debug|Any CPU.ActiveCfg = Debug|Any CPU
		{30063FFE-0440-44C0-BF29-280A54E23107}.Debug|Any CPU.Build.0 = Debug|Any CPU
		{30063FFE-0440-44C0-BF29-280A54E23107}.Debug|Mixed Platforms.ActiveCfg = Debug|Any CPU
		{30063FFE-0440-44C0-BF29-280A54E23107}.Debug|Mixed Platforms.Build.0 = Debug|Any CPU
		{30063FFE-0440-44C0-BF29-280A54E23107}.Debug|x64.ActiveCfg = Debug|Any CPU
		{30063FFE-0440-44C0-BF29-280A54E23107}.Debug|x86.ActiveCfg = Debug|Any CPU
		{30063FFE-0440-44C0-BF29-280A54E23107}.Debug-all|Any CPU.ActiveCfg = Debug|Any CPU
		{30063FFE-0440-44C0-BF29-280A54E23107}.Debug-all|Any CPU.Build.0 = Debug|Any CPU
		{30063FFE-0440-44C0-BF29-280A54E23107}.Debug-all|Mixed Platforms.ActiveCfg = Debug|Any CPU
		{30063FFE-0440-44C0-BF29-280A54E23107}.Debug-all|Mixed Platforms.Build.0 = Debug|Any CPU
		{30063FFE-0440-44C0-BF29-280A54E23107}.Debug-all|x64.ActiveCfg = Debug|Any CPU
		{30063FFE-0440-44C0-BF29-280A54E23107}.Debug-all|x86.ActiveCfg = Debug|Any CPU
		{30063FFE-0440-44C0-BF29-280A54E23107}.Installer|Any CPU.ActiveCfg = Release|Any CPU
		{30063FFE-0440-44C0-BF29-280A54E23107}.Installer|Any CPU.Build.0 = Release|Any CPU
		{30063FFE-0440-44C0-BF29-280A54E23107}.Installer|Mixed Platforms.ActiveCfg = Release|Any CPU
		{30063FFE-0440-44C0-BF29-280A54E23107}.Installer|Mixed Platforms.Build.0 = Release|Any CPU
		{30063FFE-0440-44C0-BF29-280A54E23107}.Installer|x64.ActiveCfg = Release|Any CPU
		{30063FFE-0440-44C0-BF29-280A54E23107}.Installer|x86.ActiveCfg = Release|Any CPU
		{30063FFE-0440-44C0-BF29-280A54E23107}.Release|Any CPU.ActiveCfg = Release|Any CPU
		{30063FFE-0440-44C0-BF29-280A54E23107}.Release|Any CPU.Build.0 = Release|Any CPU
		{30063FFE-0440-44C0-BF29-280A54E23107}.Release|Mixed Platforms.ActiveCfg = Release|Any CPU
		{30063FFE-0440-44C0-BF29-280A54E23107}.Release|Mixed Platforms.Build.0 = Release|Any CPU
		{30063FFE-0440-44C0-BF29-280A54E23107}.Release|x64.ActiveCfg = Release|Any CPU
		{30063FFE-0440-44C0-BF29-280A54E23107}.Release|x86.ActiveCfg = Release|Any CPU
	EndGlobalSection
	GlobalSection(SolutionProperties) = preSolution
		HideSolutionNode = FALSE
	EndGlobalSection
EndGlobal
