
Microsoft Visual Studio Solution File, Format Version 11.00
# Visual Studio 2010
Project("{FAE04EC0-301F-11D3-BF4B-00C04F79EFBC}") = "CSharpBot", "CSharpBot\CSharpBot.csproj", "{163DA8BC-726B-4FDB-A78E-CCDC0D7D1431}"
EndProject
Project("{54435603-DBB4-11D2-8724-00A0C9A8B90C}") = "CSharpBot Installer", "CSharpBot Installer\CSharpBot Installer\CSharpBot Installer.vdproj", "{2C4F7267-9DE4-4836-96C0-F069CD4DEA37}"
EndProject
Project("{FAE04EC0-301F-11D3-BF4B-00C04F79EFBC}") = "Compiler", "CSharpBot Script Compiler\Compiler.csproj", "{844E0B03-FE30-4D1B-8B20-4FEEA56A2BA1}"
EndProject
Project("{FAE04EC0-301F-11D3-BF4B-00C04F79EFBC}") = "SimpleLiveClient", "SimpleLiveClient\SimpleLiveClient.csproj", "{CD555BAC-2046-4445-998E-71042D10C664}"
EndProject
Global
	GlobalSection(SolutionConfigurationPlatforms) = preSolution
		All|x64 = All|x64
		All|x86 = All|x86
		Compiler|x64 = Compiler|x64
		Compiler|x86 = Compiler|x86
		CSharpBot|x64 = CSharpBot|x64
		CSharpBot|x86 = CSharpBot|x86
		Debug|x64 = Debug|x64
		Debug|x86 = Debug|x86
		Debug-all|x64 = Debug-all|x64
		Debug-all|x86 = Debug-all|x86
		Installer|x64 = Installer|x64
		Installer|x86 = Installer|x86
		Release|x64 = Release|x64
		Release|x86 = Release|x86
	EndGlobalSection
	GlobalSection(ProjectConfigurationPlatforms) = postSolution
		{163DA8BC-726B-4FDB-A78E-CCDC0D7D1431}.All|x64.ActiveCfg = Release|x86
		{163DA8BC-726B-4FDB-A78E-CCDC0D7D1431}.All|x64.Build.0 = Release|x86
		{163DA8BC-726B-4FDB-A78E-CCDC0D7D1431}.All|x86.ActiveCfg = Release|x86
		{163DA8BC-726B-4FDB-A78E-CCDC0D7D1431}.All|x86.Build.0 = Release|x86
		{163DA8BC-726B-4FDB-A78E-CCDC0D7D1431}.Compiler|x64.ActiveCfg = Compiler|x64
		{163DA8BC-726B-4FDB-A78E-CCDC0D7D1431}.Compiler|x86.ActiveCfg = Compiler|x86
		{163DA8BC-726B-4FDB-A78E-CCDC0D7D1431}.CSharpBot|x64.ActiveCfg = CSharpBot|x64
		{163DA8BC-726B-4FDB-A78E-CCDC0D7D1431}.CSharpBot|x64.Build.0 = CSharpBot|x64
		{163DA8BC-726B-4FDB-A78E-CCDC0D7D1431}.CSharpBot|x86.ActiveCfg = CSharpBot|x86
		{163DA8BC-726B-4FDB-A78E-CCDC0D7D1431}.CSharpBot|x86.Build.0 = CSharpBot|x86
		{163DA8BC-726B-4FDB-A78E-CCDC0D7D1431}.Debug|x64.ActiveCfg = Debug|x64
		{163DA8BC-726B-4FDB-A78E-CCDC0D7D1431}.Debug|x64.Build.0 = Debug|x64
		{163DA8BC-726B-4FDB-A78E-CCDC0D7D1431}.Debug|x86.ActiveCfg = Debug|x86
		{163DA8BC-726B-4FDB-A78E-CCDC0D7D1431}.Debug|x86.Build.0 = Debug|x86
		{163DA8BC-726B-4FDB-A78E-CCDC0D7D1431}.Debug-all|x64.ActiveCfg = Debug|x86
		{163DA8BC-726B-4FDB-A78E-CCDC0D7D1431}.Debug-all|x64.Build.0 = Debug|x86
		{163DA8BC-726B-4FDB-A78E-CCDC0D7D1431}.Debug-all|x86.ActiveCfg = Debug|x86
		{163DA8BC-726B-4FDB-A78E-CCDC0D7D1431}.Debug-all|x86.Build.0 = Debug|x86
		{163DA8BC-726B-4FDB-A78E-CCDC0D7D1431}.Installer|x64.ActiveCfg = Installer|x64
		{163DA8BC-726B-4FDB-A78E-CCDC0D7D1431}.Installer|x86.ActiveCfg = Installer|x86
		{163DA8BC-726B-4FDB-A78E-CCDC0D7D1431}.Release|x64.ActiveCfg = Release|x64
		{163DA8BC-726B-4FDB-A78E-CCDC0D7D1431}.Release|x64.Build.0 = Release|x64
		{163DA8BC-726B-4FDB-A78E-CCDC0D7D1431}.Release|x86.ActiveCfg = Release|x86
		{163DA8BC-726B-4FDB-A78E-CCDC0D7D1431}.Release|x86.Build.0 = Release|x86
		{2C4F7267-9DE4-4836-96C0-F069CD4DEA37}.All|x64.ActiveCfg = Release
		{2C4F7267-9DE4-4836-96C0-F069CD4DEA37}.All|x64.Build.0 = Release
		{2C4F7267-9DE4-4836-96C0-F069CD4DEA37}.All|x86.ActiveCfg = Release
		{2C4F7267-9DE4-4836-96C0-F069CD4DEA37}.All|x86.Build.0 = Release
		{2C4F7267-9DE4-4836-96C0-F069CD4DEA37}.Compiler|x64.ActiveCfg = Compiler
		{2C4F7267-9DE4-4836-96C0-F069CD4DEA37}.Compiler|x86.ActiveCfg = Compiler
		{2C4F7267-9DE4-4836-96C0-F069CD4DEA37}.CSharpBot|x64.ActiveCfg = CSharpBot
		{2C4F7267-9DE4-4836-96C0-F069CD4DEA37}.CSharpBot|x86.ActiveCfg = CSharpBot
		{2C4F7267-9DE4-4836-96C0-F069CD4DEA37}.Debug|x64.ActiveCfg = Debug
		{2C4F7267-9DE4-4836-96C0-F069CD4DEA37}.Debug|x64.Build.0 = Debug
		{2C4F7267-9DE4-4836-96C0-F069CD4DEA37}.Debug|x86.ActiveCfg = Debug
		{2C4F7267-9DE4-4836-96C0-F069CD4DEA37}.Debug-all|x64.ActiveCfg = Debug
		{2C4F7267-9DE4-4836-96C0-F069CD4DEA37}.Debug-all|x86.ActiveCfg = Debug
		{2C4F7267-9DE4-4836-96C0-F069CD4DEA37}.Installer|x64.ActiveCfg = Installer
		{2C4F7267-9DE4-4836-96C0-F069CD4DEA37}.Installer|x64.Build.0 = Installer
		{2C4F7267-9DE4-4836-96C0-F069CD4DEA37}.Installer|x86.ActiveCfg = Installer
		{2C4F7267-9DE4-4836-96C0-F069CD4DEA37}.Installer|x86.Build.0 = Installer
		{2C4F7267-9DE4-4836-96C0-F069CD4DEA37}.Release|x64.ActiveCfg = Release
		{2C4F7267-9DE4-4836-96C0-F069CD4DEA37}.Release|x64.Build.0 = Release
		{2C4F7267-9DE4-4836-96C0-F069CD4DEA37}.Release|x86.ActiveCfg = Release
		{2C4F7267-9DE4-4836-96C0-F069CD4DEA37}.Release|x86.Build.0 = Release
		{844E0B03-FE30-4D1B-8B20-4FEEA56A2BA1}.All|x64.ActiveCfg = Release|x86
		{844E0B03-FE30-4D1B-8B20-4FEEA56A2BA1}.All|x64.Build.0 = Release|x86
		{844E0B03-FE30-4D1B-8B20-4FEEA56A2BA1}.All|x86.ActiveCfg = Release|x86
		{844E0B03-FE30-4D1B-8B20-4FEEA56A2BA1}.All|x86.Build.0 = Release|x86
		{844E0B03-FE30-4D1B-8B20-4FEEA56A2BA1}.Compiler|x64.ActiveCfg = Compiler|x86
		{844E0B03-FE30-4D1B-8B20-4FEEA56A2BA1}.Compiler|x64.Build.0 = Compiler|x86
		{844E0B03-FE30-4D1B-8B20-4FEEA56A2BA1}.Compiler|x86.ActiveCfg = Compiler|x86
		{844E0B03-FE30-4D1B-8B20-4FEEA56A2BA1}.Compiler|x86.Build.0 = Compiler|x86
		{844E0B03-FE30-4D1B-8B20-4FEEA56A2BA1}.CSharpBot|x64.ActiveCfg = CSharpBot|x86
		{844E0B03-FE30-4D1B-8B20-4FEEA56A2BA1}.CSharpBot|x86.ActiveCfg = CSharpBot|x86
		{844E0B03-FE30-4D1B-8B20-4FEEA56A2BA1}.Debug|x64.ActiveCfg = Debug|x86
		{844E0B03-FE30-4D1B-8B20-4FEEA56A2BA1}.Debug|x86.ActiveCfg = Debug|x86
		{844E0B03-FE30-4D1B-8B20-4FEEA56A2BA1}.Debug-all|x64.ActiveCfg = Debug|x86
		{844E0B03-FE30-4D1B-8B20-4FEEA56A2BA1}.Debug-all|x64.Build.0 = Debug|x86
		{844E0B03-FE30-4D1B-8B20-4FEEA56A2BA1}.Debug-all|x86.ActiveCfg = Debug|x86
		{844E0B03-FE30-4D1B-8B20-4FEEA56A2BA1}.Debug-all|x86.Build.0 = Debug|x86
		{844E0B03-FE30-4D1B-8B20-4FEEA56A2BA1}.Installer|x64.ActiveCfg = Installer|x86
		{844E0B03-FE30-4D1B-8B20-4FEEA56A2BA1}.Installer|x86.ActiveCfg = Installer|x86
		{844E0B03-FE30-4D1B-8B20-4FEEA56A2BA1}.Release|x64.ActiveCfg = Release|x86
		{844E0B03-FE30-4D1B-8B20-4FEEA56A2BA1}.Release|x86.ActiveCfg = Release|x86
		{844E0B03-FE30-4D1B-8B20-4FEEA56A2BA1}.Release|x86.Build.0 = Release|x86
		{CD555BAC-2046-4445-998E-71042D10C664}.All|x64.ActiveCfg = Release|x86
		{CD555BAC-2046-4445-998E-71042D10C664}.All|x86.ActiveCfg = Release|x86
		{CD555BAC-2046-4445-998E-71042D10C664}.All|x86.Build.0 = Release|x86
		{CD555BAC-2046-4445-998E-71042D10C664}.Compiler|x64.ActiveCfg = Release|x86
		{CD555BAC-2046-4445-998E-71042D10C664}.Compiler|x86.ActiveCfg = Release|x86
		{CD555BAC-2046-4445-998E-71042D10C664}.CSharpBot|x64.ActiveCfg = Release|x86
		{CD555BAC-2046-4445-998E-71042D10C664}.CSharpBot|x86.ActiveCfg = Release|x86
		{CD555BAC-2046-4445-998E-71042D10C664}.Debug|x64.ActiveCfg = Debug|x86
		{CD555BAC-2046-4445-998E-71042D10C664}.Debug|x86.ActiveCfg = Debug|x86
		{CD555BAC-2046-4445-998E-71042D10C664}.Debug-all|x64.ActiveCfg = Debug|x86
		{CD555BAC-2046-4445-998E-71042D10C664}.Debug-all|x86.ActiveCfg = Debug|x86
		{CD555BAC-2046-4445-998E-71042D10C664}.Debug-all|x86.Build.0 = Debug|x86
		{CD555BAC-2046-4445-998E-71042D10C664}.Installer|x64.ActiveCfg = Release|x86
		{CD555BAC-2046-4445-998E-71042D10C664}.Installer|x86.ActiveCfg = Release|x86
		{CD555BAC-2046-4445-998E-71042D10C664}.Release|x64.ActiveCfg = Release|x86
		{CD555BAC-2046-4445-998E-71042D10C664}.Release|x86.ActiveCfg = Release|x86
		{CD555BAC-2046-4445-998E-71042D10C664}.Release|x86.Build.0 = Release|x86
	EndGlobalSection
	GlobalSection(SolutionProperties) = preSolution
		HideSolutionNode = FALSE
	EndGlobalSection
EndGlobal
